
Microsoft Visual Studio Solution File, Format Version 12.00
# Visual Studio Version 17
VisualStudioVersion = 17.0.31612.314
MinimumVisualStudioVersion = 10.0.40219.1
Project("{9A19103F-16F7-4668-BE54-9A1E7A4F7556}") = "MyBlogServerSide", "MyBlogServerSide\MyBlogServerSide.csproj", "{A981249F-CCB5-4313-8FAC-E14817C24C2A}"
	ProjectSection(ProjectDependencies) = postProject
		{B951B3BE-93E5-4C88-95A4-CC0173F2590A} = {B951B3BE-93E5-4C88-95A4-CC0173F2590A}
	EndProjectSection
EndProject
Project("{2150E333-8FDC-42A3-9474-1A3956D46DE8}") = "WASM", "WASM", "{10B1E9D0-BC97-497C-9D42-9EF332259D85}"
EndProject
Project("{9A19103F-16F7-4668-BE54-9A1E7A4F7556}") = "MyBlogWASM.Client", "MyBlogWASM\Client\MyBlogWASM.Client.csproj", "{2D77DC6D-CDBE-4C14-B3D0-A3FAB4F96347}"
EndProject
Project("{9A19103F-16F7-4668-BE54-9A1E7A4F7556}") = "MyBlogWASM.Server", "MyBlogWASM\Server\MyBlogWASM.Server.csproj", "{BC0BF035-3F7D-4747-9FD1-B682F69F5449}"
EndProject
Project("{9A19103F-16F7-4668-BE54-9A1E7A4F7556}") = "MyBlogWASM.Shared", "MyBlogWASM\Shared\MyBlogWASM.Shared.csproj", "{3341D1C4-5F6A-42B7-8539-317F44441AC9}"
EndProject
Project("{9A19103F-16F7-4668-BE54-9A1E7A4F7556}") = "MyBlog.Data", "MyBlog.Data\MyBlog.Data.csproj", "{B951B3BE-93E5-4C88-95A4-CC0173F2590A}"
EndProject
Global
	GlobalSection(SolutionConfigurationPlatforms) = preSolution
		Debug|Any CPU = Debug|Any CPU
		Release|Any CPU = Release|Any CPU
	EndGlobalSection
	GlobalSection(ProjectConfigurationPlatforms) = postSolution
		{A981249F-CCB5-4313-8FAC-E14817C24C2A}.Debug|Any CPU.ActiveCfg = Debug|Any CPU
		{A981249F-CCB5-4313-8FAC-E14817C24C2A}.Debug|Any CPU.Build.0 = Debug|Any CPU
		{A981249F-CCB5-4313-8FAC-E14817C24C2A}.Release|Any CPU.ActiveCfg = Release|Any CPU
		{A981249F-CCB5-4313-8FAC-E14817C24C2A}.Release|Any CPU.Build.0 = Release|Any CPU
		{2D77DC6D-CDBE-4C14-B3D0-A3FAB4F96347}.Debug|Any CPU.ActiveCfg = Debug|Any CPU
		{2D77DC6D-CDBE-4C14-B3D0-A3FAB4F96347}.Debug|Any CPU.Build.0 = Debug|Any CPU
		{2D77DC6D-CDBE-4C14-B3D0-A3FAB4F96347}.Release|Any CPU.ActiveCfg = Release|Any CPU
		{2D77DC6D-CDBE-4C14-B3D0-A3FAB4F96347}.Release|Any CPU.Build.0 = Release|Any CPU
		{BC0BF035-3F7D-4747-9FD1-B682F69F5449}.Debug|Any CPU.ActiveCfg = Debug|Any CPU
		{BC0BF035-3F7D-4747-9FD1-B682F69F5449}.Debug|Any CPU.Build.0 = Debug|Any CPU
		{BC0BF035-3F7D-4747-9FD1-B682F69F5449}.Release|Any CPU.ActiveCfg = Release|Any CPU
		{BC0BF035-3F7D-4747-9FD1-B682F69F5449}.Release|Any CPU.Build.0 = Release|Any CPU
		{3341D1C4-5F6A-42B7-8539-317F44441AC9}.Debug|Any CPU.ActiveCfg = Debug|Any CPU
		{3341D1C4-5F6A-42B7-8539-317F44441AC9}.Debug|Any CPU.Build.0 = Debug|Any CPU
		{3341D1C4-5F6A-42B7-8539-317F44441AC9}.Release|Any CPU.ActiveCfg = Release|Any CPU
		{3341D1C4-5F6A-42B7-8539-317F44441AC9}.Release|Any CPU.Build.0 = Release|Any CPU
		{B951B3BE-93E5-4C88-95A4-CC0173F2590A}.Debug|Any CPU.ActiveCfg = Debug|Any CPU
		{B951B3BE-93E5-4C88-95A4-CC0173F2590A}.Debug|Any CPU.Build.0 = Debug|Any CPU
		{B951B3BE-93E5-4C88-95A4-CC0173F2590A}.Release|Any CPU.ActiveCfg = Release|Any CPU
		{B951B3BE-93E5-4C88-95A4-CC0173F2590A}.Release|Any CPU.Build.0 = Release|Any CPU
	EndGlobalSection
	GlobalSection(SolutionProperties) = preSolution
		HideSolutionNode = FALSE
	EndGlobalSection
	GlobalSection(NestedProjects) = preSolution
		{2D77DC6D-CDBE-4C14-B3D0-A3FAB4F96347} = {10B1E9D0-BC97-497C-9D42-9EF332259D85}
		{BC0BF035-3F7D-4747-9FD1-B682F69F5449} = {10B1E9D0-BC97-497C-9D42-9EF332259D85}
		{3341D1C4-5F6A-42B7-8539-317F44441AC9} = {10B1E9D0-BC97-497C-9D42-9EF332259D85}
	EndGlobalSection
	GlobalSection(ExtensibilityGlobals) = postSolution
		SolutionGuid = {232FE948-0B1E-4566-8670-F659A0FD4495}
	EndGlobalSection
EndGlobal
