
Microsoft Visual Studio Solution File, Format Version 12.00
# Visual Studio Version 17
VisualStudioVersion = 17.0.31612.314
MinimumVisualStudioVersion = 10.0.40219.1
Project("{FAE04EC0-301F-11D3-BF4B-00C04F79EFBC}") = "MyBlog.ServerSide", "MyBlog.ServerSide\MyBlog.ServerSide.csproj", "{6351B4B4-4FD1-4C0A-93D0-5A643E3C1306}"
EndProject
Project("{FAE04EC0-301F-11D3-BF4B-00C04F79EFBC}") = "MyBlog.Data", "MyBlog.Data\MyBlog.Data.csproj", "{4BB276FA-71A5-4838-8410-4DD56C31D76A}"
EndProject
Global
	GlobalSection(SolutionConfigurationPlatforms) = preSolution
		Debug|Any CPU = Debug|Any CPU
		Release|Any CPU = Release|Any CPU
	EndGlobalSection
	GlobalSection(ProjectConfigurationPlatforms) = postSolution
		{6351B4B4-4FD1-4C0A-93D0-5A643E3C1306}.Debug|Any CPU.ActiveCfg = Debug|Any CPU
		{6351B4B4-4FD1-4C0A-93D0-5A643E3C1306}.Debug|Any CPU.Build.0 = Debug|Any CPU
		{6351B4B4-4FD1-4C0A-93D0-5A643E3C1306}.Release|Any CPU.ActiveCfg = Release|Any CPU
		{6351B4B4-4FD1-4C0A-93D0-5A643E3C1306}.Release|Any CPU.Build.0 = Release|Any CPU
		{4BB276FA-71A5-4838-8410-4DD56C31D76A}.Debug|Any CPU.ActiveCfg = Debug|Any CPU
		{4BB276FA-71A5-4838-8410-4DD56C31D76A}.Debug|Any CPU.Build.0 = Debug|Any CPU
		{4BB276FA-71A5-4838-8410-4DD56C31D76A}.Release|Any CPU.ActiveCfg = Release|Any CPU
		{4BB276FA-71A5-4838-8410-4DD56C31D76A}.Release|Any CPU.Build.0 = Release|Any CPU
	EndGlobalSection
	GlobalSection(SolutionProperties) = preSolution
		HideSolutionNode = FALSE
	EndGlobalSection
	GlobalSection(ExtensibilityGlobals) = postSolution
		SolutionGuid = {27B46CFC-9AF2-4A96-A7D3-B13E9022D55E}
	EndGlobalSection
EndGlobal
